// !$*UTF8*$!
{
	archiveVersion = 1;
	classes = {
	};
	objectVersion = 46;
	objects = {

/* Begin PBXBuildFile section */
		45A7F6C5A1E05B02D8F1D4A4 /* libPods.a in Frameworks */ = {isa = PBXBuildFile; fileRef = 1F804FE9A285FB611DBFC2E4 /* libPods.a */; };
		AE096E291A92ABA500C2510B /* LBLocationManager.m in Sources */ = {isa = PBXBuildFile; fileRef = AE096E281A92ABA500C2510B /* LBLocationManager.m */; };
		AE096E2C1A92BBDD00C2510B /* LBNavigationControllerViewController.m in Sources */ = {isa = PBXBuildFile; fileRef = AE096E2B1A92BBDD00C2510B /* LBNavigationControllerViewController.m */; };
		AE4DAD911A9BFC20003781CE /* FXBlurView.m in Sources */ = {isa = PBXBuildFile; fileRef = AE4DAD901A9BFC20003781CE /* FXBlurView.m */; };
		AE580F981A8B8B24002152EA /* main.m in Sources */ = {isa = PBXBuildFile; fileRef = AE580F971A8B8B24002152EA /* main.m */; };
		AE580F9B1A8B8B24002152EA /* AppDelegate.m in Sources */ = {isa = PBXBuildFile; fileRef = AE580F9A1A8B8B24002152EA /* AppDelegate.m */; };
		AE580FA31A8B8B24002152EA /* Images.xcassets in Resources */ = {isa = PBXBuildFile; fileRef = AE580FA21A8B8B24002152EA /* Images.xcassets */; };
		AE580FA61A8B8B24002152EA /* LaunchScreen.xib in Resources */ = {isa = PBXBuildFile; fileRef = AE580FA41A8B8B24002152EA /* LaunchScreen.xib */; };
		AE580FB21A8B8B24002152EA /* LittleBigHouseTests.m in Sources */ = {isa = PBXBuildFile; fileRef = AE580FB11A8B8B24002152EA /* LittleBigHouseTests.m */; };
		AE6487F91AA4F6680016BA3A /* LBGoogleMapStreetViewController.m in Sources */ = {isa = PBXBuildFile; fileRef = AE6487F81AA4F6680016BA3A /* LBGoogleMapStreetViewController.m */; };
		AEBCB3D51A8C2906007B6FAB /* LBHomeViewController.m in Sources */ = {isa = PBXBuildFile; fileRef = AEBCB3D41A8C2906007B6FAB /* LBHomeViewController.m */; };
		AEBCB3D81A8C2D2C007B6FAB /* LBAddressEntryViewController.m in Sources */ = {isa = PBXBuildFile; fileRef = AEBCB3D71A8C2D2C007B6FAB /* LBAddressEntryViewController.m */; };
		AEBCB3DB1A8C66AD007B6FAB /* AddressConfirmationViewController.m in Sources */ = {isa = PBXBuildFile; fileRef = AEBCB3DA1A8C66AD007B6FAB /* AddressConfirmationViewController.m */; };
		AEBCB3DE1A8C6C27007B6FAB /* HouseImagesViewController.m in Sources */ = {isa = PBXBuildFile; fileRef = AEBCB3DD1A8C6C27007B6FAB /* HouseImagesViewController.m */; };
		AEBCB3E41A8D2B21007B6FAB /* LBButtonFactory.m in Sources */ = {isa = PBXBuildFile; fileRef = AEBCB3E31A8D2B21007B6FAB /* LBButtonFactory.m */; };
/* End PBXBuildFile section */

/* Begin PBXContainerItemProxy section */
		AE580FAC1A8B8B24002152EA /* PBXContainerItemProxy */ = {
			isa = PBXContainerItemProxy;
			containerPortal = AE580F8A1A8B8B24002152EA /* Project object */;
			proxyType = 1;
			remoteGlobalIDString = AE580F911A8B8B24002152EA;
			remoteInfo = LittleBigHouse;
		};
/* End PBXContainerItemProxy section */

/* Begin PBXFileReference section */
		1F804FE9A285FB611DBFC2E4 /* libPods.a */ = {isa = PBXFileReference; explicitFileType = archive.ar; includeInIndex = 0; path = libPods.a; sourceTree = BUILT_PRODUCTS_DIR; };
		63C33F6DBF478154D2E180F1 /* Pods.release.xcconfig */ = {isa = PBXFileReference; includeInIndex = 1; lastKnownFileType = text.xcconfig; name = Pods.release.xcconfig; path = "Pods/Target Support Files/Pods/Pods.release.xcconfig"; sourceTree = "<group>"; };
		AE096E271A92ABA500C2510B /* LBLocationManager.h */ = {isa = PBXFileReference; fileEncoding = 4; lastKnownFileType = sourcecode.c.h; path = LBLocationManager.h; sourceTree = "<group>"; };
		AE096E281A92ABA500C2510B /* LBLocationManager.m */ = {isa = PBXFileReference; fileEncoding = 4; lastKnownFileType = sourcecode.c.objc; path = LBLocationManager.m; sourceTree = "<group>"; };
		AE096E2A1A92BBDD00C2510B /* LBNavigationControllerViewController.h */ = {isa = PBXFileReference; fileEncoding = 4; lastKnownFileType = sourcecode.c.h; path = LBNavigationControllerViewController.h; sourceTree = "<group>"; };
		AE096E2B1A92BBDD00C2510B /* LBNavigationControllerViewController.m */ = {isa = PBXFileReference; fileEncoding = 4; lastKnownFileType = sourcecode.c.objc; path = LBNavigationControllerViewController.m; sourceTree = "<group>"; };
		AE4DAD8F1A9BFC20003781CE /* FXBlurView.h */ = {isa = PBXFileReference; fileEncoding = 4; lastKnownFileType = sourcecode.c.h; path = FXBlurView.h; sourceTree = "<group>"; };
		AE4DAD901A9BFC20003781CE /* FXBlurView.m */ = {isa = PBXFileReference; fileEncoding = 4; lastKnownFileType = sourcecode.c.objc; path = FXBlurView.m; sourceTree = "<group>"; };
		AE580F921A8B8B24002152EA /* LittleBigHouse.app */ = {isa = PBXFileReference; explicitFileType = wrapper.application; includeInIndex = 0; path = LittleBigHouse.app; sourceTree = BUILT_PRODUCTS_DIR; };
		AE580F961A8B8B24002152EA /* Info.plist */ = {isa = PBXFileReference; lastKnownFileType = text.plist.xml; path = Info.plist; sourceTree = "<group>"; };
		AE580F971A8B8B24002152EA /* main.m */ = {isa = PBXFileReference; lastKnownFileType = sourcecode.c.objc; path = main.m; sourceTree = "<group>"; };
		AE580F991A8B8B24002152EA /* AppDelegate.h */ = {isa = PBXFileReference; lastKnownFileType = sourcecode.c.h; path = AppDelegate.h; sourceTree = "<group>"; };
		AE580F9A1A8B8B24002152EA /* AppDelegate.m */ = {isa = PBXFileReference; lastKnownFileType = sourcecode.c.objc; path = AppDelegate.m; sourceTree = "<group>"; };
		AE580FA21A8B8B24002152EA /* Images.xcassets */ = {isa = PBXFileReference; lastKnownFileType = folder.assetcatalog; path = Images.xcassets; sourceTree = "<group>"; };
		AE580FA51A8B8B24002152EA /* Base */ = {isa = PBXFileReference; lastKnownFileType = file.xib; name = Base; path = Base.lproj/LaunchScreen.xib; sourceTree = "<group>"; };
		AE580FAB1A8B8B24002152EA /* LittleBigHouseTests.xctest */ = {isa = PBXFileReference; explicitFileType = wrapper.cfbundle; includeInIndex = 0; path = LittleBigHouseTests.xctest; sourceTree = BUILT_PRODUCTS_DIR; };
		AE580FB01A8B8B24002152EA /* Info.plist */ = {isa = PBXFileReference; lastKnownFileType = text.plist.xml; path = Info.plist; sourceTree = "<group>"; };
		AE580FB11A8B8B24002152EA /* LittleBigHouseTests.m */ = {isa = PBXFileReference; lastKnownFileType = sourcecode.c.objc; path = LittleBigHouseTests.m; sourceTree = "<group>"; };
		AE6487F71AA4F6680016BA3A /* LBGoogleMapStreetViewController.h */ = {isa = PBXFileReference; fileEncoding = 4; lastKnownFileType = sourcecode.c.h; path = LBGoogleMapStreetViewController.h; sourceTree = "<group>"; };
		AE6487F81AA4F6680016BA3A /* LBGoogleMapStreetViewController.m */ = {isa = PBXFileReference; fileEncoding = 4; lastKnownFileType = sourcecode.c.objc; path = LBGoogleMapStreetViewController.m; sourceTree = "<group>"; };
		AEBCB3D31A8C2906007B6FAB /* LBHomeViewController.h */ = {isa = PBXFileReference; fileEncoding = 4; lastKnownFileType = sourcecode.c.h; path = LBHomeViewController.h; sourceTree = "<group>"; };
		AEBCB3D41A8C2906007B6FAB /* LBHomeViewController.m */ = {isa = PBXFileReference; fileEncoding = 4; lastKnownFileType = sourcecode.c.objc; path = LBHomeViewController.m; sourceTree = "<group>"; };
		AEBCB3D61A8C2D2C007B6FAB /* LBAddressEntryViewController.h */ = {isa = PBXFileReference; fileEncoding = 4; lastKnownFileType = sourcecode.c.h; path = LBAddressEntryViewController.h; sourceTree = "<group>"; };
		AEBCB3D71A8C2D2C007B6FAB /* LBAddressEntryViewController.m */ = {isa = PBXFileReference; fileEncoding = 4; lastKnownFileType = sourcecode.c.objc; path = LBAddressEntryViewController.m; sourceTree = "<group>"; };
		AEBCB3D91A8C66AD007B6FAB /* AddressConfirmationViewController.h */ = {isa = PBXFileReference; fileEncoding = 4; lastKnownFileType = sourcecode.c.h; path = AddressConfirmationViewController.h; sourceTree = "<group>"; };
		AEBCB3DA1A8C66AD007B6FAB /* AddressConfirmationViewController.m */ = {isa = PBXFileReference; fileEncoding = 4; lastKnownFileType = sourcecode.c.objc; path = AddressConfirmationViewController.m; sourceTree = "<group>"; };
		AEBCB3DC1A8C6C27007B6FAB /* HouseImagesViewController.h */ = {isa = PBXFileReference; fileEncoding = 4; lastKnownFileType = sourcecode.c.h; path = HouseImagesViewController.h; sourceTree = "<group>"; };
		AEBCB3DD1A8C6C27007B6FAB /* HouseImagesViewController.m */ = {isa = PBXFileReference; fileEncoding = 4; lastKnownFileType = sourcecode.c.objc; path = HouseImagesViewController.m; sourceTree = "<group>"; };
		AEBCB3E21A8D2B21007B6FAB /* LBButtonFactory.h */ = {isa = PBXFileReference; fileEncoding = 4; lastKnownFileType = sourcecode.c.h; path = LBButtonFactory.h; sourceTree = "<group>"; };
		AEBCB3E31A8D2B21007B6FAB /* LBButtonFactory.m */ = {isa = PBXFileReference; fileEncoding = 4; lastKnownFileType = sourcecode.c.objc; path = LBButtonFactory.m; sourceTree = "<group>"; };
		F12887C7A2063144E37BBB84 /* Pods.debug.xcconfig */ = {isa = PBXFileReference; includeInIndex = 1; lastKnownFileType = text.xcconfig; name = Pods.debug.xcconfig; path = "Pods/Target Support Files/Pods/Pods.debug.xcconfig"; sourceTree = "<group>"; };
/* End PBXFileReference section */

/* Begin PBXFrameworksBuildPhase section */
		AE580F8F1A8B8B24002152EA /* Frameworks */ = {
			isa = PBXFrameworksBuildPhase;
			buildActionMask = 2147483647;
			files = (
				45A7F6C5A1E05B02D8F1D4A4 /* libPods.a in Frameworks */,
			);
			runOnlyForDeploymentPostprocessing = 0;
		};
		AE580FA81A8B8B24002152EA /* Frameworks */ = {
			isa = PBXFrameworksBuildPhase;
			buildActionMask = 2147483647;
			files = (
			);
			runOnlyForDeploymentPostprocessing = 0;
		};
/* End PBXFrameworksBuildPhase section */

/* Begin PBXGroup section */
		8AAA23D96554E7157458E9C4 /* Pods */ = {
			isa = PBXGroup;
			children = (
				F12887C7A2063144E37BBB84 /* Pods.debug.xcconfig */,
				63C33F6DBF478154D2E180F1 /* Pods.release.xcconfig */,
			);
			name = Pods;
			sourceTree = "<group>";
		};
		98A957890789A5DEFAF82F3C /* Frameworks */ = {
			isa = PBXGroup;
			children = (
				1F804FE9A285FB611DBFC2E4 /* libPods.a */,
			);
			name = Frameworks;
			sourceTree = "<group>";
		};
		AE580F891A8B8B24002152EA = {
			isa = PBXGroup;
			children = (
				AE580F941A8B8B24002152EA /* LittleBigHouse */,
				AE580FAE1A8B8B24002152EA /* LittleBigHouseTests */,
				AE580F931A8B8B24002152EA /* Products */,
				8AAA23D96554E7157458E9C4 /* Pods */,
				98A957890789A5DEFAF82F3C /* Frameworks */,
			);
			sourceTree = "<group>";
		};
		AE580F931A8B8B24002152EA /* Products */ = {
			isa = PBXGroup;
			children = (
				AE580F921A8B8B24002152EA /* LittleBigHouse.app */,
				AE580FAB1A8B8B24002152EA /* LittleBigHouseTests.xctest */,
			);
			name = Products;
			sourceTree = "<group>";
		};
		AE580F941A8B8B24002152EA /* LittleBigHouse */ = {
			isa = PBXGroup;
			children = (
				AE6487F71AA4F6680016BA3A /* LBGoogleMapStreetViewController.h */,
				AE6487F81AA4F6680016BA3A /* LBGoogleMapStreetViewController.m */,
				AE4DAD8F1A9BFC20003781CE /* FXBlurView.h */,
				AE4DAD901A9BFC20003781CE /* FXBlurView.m */,
				AE580F991A8B8B24002152EA /* AppDelegate.h */,
				AE580F9A1A8B8B24002152EA /* AppDelegate.m */,
				AE580FA21A8B8B24002152EA /* Images.xcassets */,
				AE580FA41A8B8B24002152EA /* LaunchScreen.xib */,
				AE580F951A8B8B24002152EA /* Supporting Files */,
				AE096E2A1A92BBDD00C2510B /* LBNavigationControllerViewController.h */,
				AE096E2B1A92BBDD00C2510B /* LBNavigationControllerViewController.m */,
				AEBCB3D31A8C2906007B6FAB /* LBHomeViewController.h */,
				AEBCB3D41A8C2906007B6FAB /* LBHomeViewController.m */,
				AEBCB3D61A8C2D2C007B6FAB /* LBAddressEntryViewController.h */,
				AEBCB3D71A8C2D2C007B6FAB /* LBAddressEntryViewController.m */,
				AEBCB3D91A8C66AD007B6FAB /* AddressConfirmationViewController.h */,
				AEBCB3DA1A8C66AD007B6FAB /* AddressConfirmationViewController.m */,
				AEBCB3DC1A8C6C27007B6FAB /* HouseImagesViewController.h */,
				AEBCB3DD1A8C6C27007B6FAB /* HouseImagesViewController.m */,
				AEBCB3E21A8D2B21007B6FAB /* LBButtonFactory.h */,
				AEBCB3E31A8D2B21007B6FAB /* LBButtonFactory.m */,
				AE096E271A92ABA500C2510B /* LBLocationManager.h */,
				AE096E281A92ABA500C2510B /* LBLocationManager.m */,
			);
			path = LittleBigHouse;
			sourceTree = "<group>";
		};
		AE580F951A8B8B24002152EA /* Supporting Files */ = {
			isa = PBXGroup;
			children = (
				AE580F961A8B8B24002152EA /* Info.plist */,
				AE580F971A8B8B24002152EA /* main.m */,
			);
			name = "Supporting Files";
			sourceTree = "<group>";
		};
		AE580FAE1A8B8B24002152EA /* LittleBigHouseTests */ = {
			isa = PBXGroup;
			children = (
				AE580FB11A8B8B24002152EA /* LittleBigHouseTests.m */,
				AE580FAF1A8B8B24002152EA /* Supporting Files */,
			);
			path = LittleBigHouseTests;
			sourceTree = "<group>";
		};
		AE580FAF1A8B8B24002152EA /* Supporting Files */ = {
			isa = PBXGroup;
			children = (
				AE580FB01A8B8B24002152EA /* Info.plist */,
			);
			name = "Supporting Files";
			sourceTree = "<group>";
		};
/* End PBXGroup section */

/* Begin PBXNativeTarget section */
		AE580F911A8B8B24002152EA /* LittleBigHouse */ = {
			isa = PBXNativeTarget;
			buildConfigurationList = AE580FB51A8B8B24002152EA /* Build configuration list for PBXNativeTarget "LittleBigHouse" */;
			buildPhases = (
				1EFA91FC1D0463E0E94F9E91 /* Check Pods Manifest.lock */,
				AE580F8E1A8B8B24002152EA /* Sources */,
				AE580F8F1A8B8B24002152EA /* Frameworks */,
				AE580F901A8B8B24002152EA /* Resources */,
				E2617FDB43303648BDFCCA0D /* Copy Pods Resources */,
			);
			buildRules = (
			);
			dependencies = (
			);
			name = LittleBigHouse;
			productName = LittleBigHouse;
			productReference = AE580F921A8B8B24002152EA /* LittleBigHouse.app */;
			productType = "com.apple.product-type.application";
		};
		AE580FAA1A8B8B24002152EA /* LittleBigHouseTests */ = {
			isa = PBXNativeTarget;
			buildConfigurationList = AE580FB81A8B8B24002152EA /* Build configuration list for PBXNativeTarget "LittleBigHouseTests" */;
			buildPhases = (
				AE580FA71A8B8B24002152EA /* Sources */,
				AE580FA81A8B8B24002152EA /* Frameworks */,
				AE580FA91A8B8B24002152EA /* Resources */,
			);
			buildRules = (
			);
			dependencies = (
				AE580FAD1A8B8B24002152EA /* PBXTargetDependency */,
			);
			name = LittleBigHouseTests;
			productName = LittleBigHouseTests;
			productReference = AE580FAB1A8B8B24002152EA /* LittleBigHouseTests.xctest */;
			productType = "com.apple.product-type.bundle.unit-test";
		};
/* End PBXNativeTarget section */

/* Begin PBXProject section */
		AE580F8A1A8B8B24002152EA /* Project object */ = {
			isa = PBXProject;
			attributes = {
				LastUpgradeCheck = 0610;
				ORGANIZATIONNAME = "Luke Parham";
				TargetAttributes = {
					AE580F911A8B8B24002152EA = {
						CreatedOnToolsVersion = 6.1.1;
					};
					AE580FAA1A8B8B24002152EA = {
						CreatedOnToolsVersion = 6.1.1;
						TestTargetID = AE580F911A8B8B24002152EA;
					};
				};
			};
			buildConfigurationList = AE580F8D1A8B8B24002152EA /* Build configuration list for PBXProject "LittleBigHouse" */;
			compatibilityVersion = "Xcode 3.2";
			developmentRegion = English;
			hasScannedForEncodings = 0;
			knownRegions = (
				en,
				Base,
			);
			mainGroup = AE580F891A8B8B24002152EA;
			productRefGroup = AE580F931A8B8B24002152EA /* Products */;
			projectDirPath = "";
			projectRoot = "";
			targets = (
				AE580F911A8B8B24002152EA /* LittleBigHouse */,
				AE580FAA1A8B8B24002152EA /* LittleBigHouseTests */,
			);
		};
/* End PBXProject section */

/* Begin PBXResourcesBuildPhase section */
		AE580F901A8B8B24002152EA /* Resources */ = {
			isa = PBXResourcesBuildPhase;
			buildActionMask = 2147483647;
			files = (
				AE580FA61A8B8B24002152EA /* LaunchScreen.xib in Resources */,
				AE580FA31A8B8B24002152EA /* Images.xcassets in Resources */,
			);
			runOnlyForDeploymentPostprocessing = 0;
		};
		AE580FA91A8B8B24002152EA /* Resources */ = {
			isa = PBXResourcesBuildPhase;
			buildActionMask = 2147483647;
			files = (
			);
			runOnlyForDeploymentPostprocessing = 0;
		};
/* End PBXResourcesBuildPhase section */

/* Begin PBXShellScriptBuildPhase section */
		1EFA91FC1D0463E0E94F9E91 /* Check Pods Manifest.lock */ = {
			isa = PBXShellScriptBuildPhase;
			buildActionMask = 2147483647;
			files = (
			);
			inputPaths = (
			);
			name = "Check Pods Manifest.lock";
			outputPaths = (
			);
			runOnlyForDeploymentPostprocessing = 0;
			shellPath = /bin/sh;
			shellScript = "diff \"${PODS_ROOT}/../Podfile.lock\" \"${PODS_ROOT}/Manifest.lock\" > /dev/null\nif [[ $? != 0 ]] ; then\n    cat << EOM\nerror: The sandbox is not in sync with the Podfile.lock. Run 'pod install' or update your CocoaPods installation.\nEOM\n    exit 1\nfi\n";
			showEnvVarsInLog = 0;
		};
		E2617FDB43303648BDFCCA0D /* Copy Pods Resources */ = {
			isa = PBXShellScriptBuildPhase;
			buildActionMask = 2147483647;
			files = (
			);
			inputPaths = (
			);
			name = "Copy Pods Resources";
			outputPaths = (
			);
			runOnlyForDeploymentPostprocessing = 0;
			shellPath = /bin/sh;
			shellScript = "\"${SRCROOT}/Pods/Target Support Files/Pods/Pods-resources.sh\"\n";
			showEnvVarsInLog = 0;
		};
/* End PBXShellScriptBuildPhase section */

/* Begin PBXSourcesBuildPhase section */
		AE580F8E1A8B8B24002152EA /* Sources */ = {
			isa = PBXSourcesBuildPhase;
			buildActionMask = 2147483647;
			files = (
				AE096E291A92ABA500C2510B /* LBLocationManager.m in Sources */,
				AEBCB3DB1A8C66AD007B6FAB /* AddressConfirmationViewController.m in Sources */,
				AEBCB3DE1A8C6C27007B6FAB /* HouseImagesViewController.m in Sources */,
				AE580F9B1A8B8B24002152EA /* AppDelegate.m in Sources */,
				AE6487F91AA4F6680016BA3A /* LBGoogleMapStreetViewController.m in Sources */,
				AE096E2C1A92BBDD00C2510B /* LBNavigationControllerViewController.m in Sources */,
				AEBCB3E41A8D2B21007B6FAB /* LBButtonFactory.m in Sources */,
				AEBCB3D51A8C2906007B6FAB /* LBHomeViewController.m in Sources */,
				AE4DAD911A9BFC20003781CE /* FXBlurView.m in Sources */,
				AEBCB3D81A8C2D2C007B6FAB /* LBAddressEntryViewController.m in Sources */,
				AE580F981A8B8B24002152EA /* main.m in Sources */,
			);
			runOnlyForDeploymentPostprocessing = 0;
		};
		AE580FA71A8B8B24002152EA /* Sources */ = {
			isa = PBXSourcesBuildPhase;
			buildActionMask = 2147483647;
			files = (
				AE580FB21A8B8B24002152EA /* LittleBigHouseTests.m in Sources */,
			);
			runOnlyForDeploymentPostprocessing = 0;
		};
/* End PBXSourcesBuildPhase section */

/* Begin PBXTargetDependency section */
		AE580FAD1A8B8B24002152EA /* PBXTargetDependency */ = {
			isa = PBXTargetDependency;
			target = AE580F911A8B8B24002152EA /* LittleBigHouse */;
			targetProxy = AE580FAC1A8B8B24002152EA /* PBXContainerItemProxy */;
		};
/* End PBXTargetDependency section */

/* Begin PBXVariantGroup section */
		AE580FA41A8B8B24002152EA /* LaunchScreen.xib */ = {
			isa = PBXVariantGroup;
			children = (
				AE580FA51A8B8B24002152EA /* Base */,
			);
			name = LaunchScreen.xib;
			sourceTree = "<group>";
		};
/* End PBXVariantGroup section */

/* Begin XCBuildConfiguration section */
		AE580FB31A8B8B24002152EA /* Debug */ = {
			isa = XCBuildConfiguration;
			buildSettings = {
				ALWAYS_SEARCH_USER_PATHS = NO;
				CLANG_CXX_LANGUAGE_STANDARD = "gnu++0x";
				CLANG_CXX_LIBRARY = "libc++";
				CLANG_ENABLE_MODULES = YES;
				CLANG_ENABLE_OBJC_ARC = YES;
				CLANG_WARN_BOOL_CONVERSION = YES;
				CLANG_WARN_CONSTANT_CONVERSION = YES;
				CLANG_WARN_DIRECT_OBJC_ISA_USAGE = YES_ERROR;
				CLANG_WARN_EMPTY_BODY = YES;
				CLANG_WARN_ENUM_CONVERSION = YES;
				CLANG_WARN_INT_CONVERSION = YES;
				CLANG_WARN_OBJC_ROOT_CLASS = YES_ERROR;
				CLANG_WARN_UNREACHABLE_CODE = YES;
				CLANG_WARN__DUPLICATE_METHOD_MATCH = YES;
				"CODE_SIGN_IDENTITY[sdk=iphoneos*]" = "iPhone Developer";
				COPY_PHASE_STRIP = NO;
				ENABLE_STRICT_OBJC_MSGSEND = YES;
				GCC_C_LANGUAGE_STANDARD = gnu99;
				GCC_DYNAMIC_NO_PIC = NO;
				GCC_OPTIMIZATION_LEVEL = 0;
				GCC_PREPROCESSOR_DEFINITIONS = (
					"DEBUG=1",
					"$(inherited)",
				);
				GCC_SYMBOLS_PRIVATE_EXTERN = NO;
				GCC_WARN_64_TO_32_BIT_CONVERSION = YES;
				GCC_WARN_ABOUT_RETURN_TYPE = YES_ERROR;
				GCC_WARN_UNDECLARED_SELECTOR = YES;
				GCC_WARN_UNINITIALIZED_AUTOS = YES_AGGRESSIVE;
				GCC_WARN_UNUSED_FUNCTION = YES;
				GCC_WARN_UNUSED_VARIABLE = YES;
				IPHONEOS_DEPLOYMENT_TARGET = 8.1;
				MTL_ENABLE_DEBUG_INFO = YES;
				ONLY_ACTIVE_ARCH = YES;
				SDKROOT = iphoneos;
			};
			name = Debug;
		};
		AE580FB41A8B8B24002152EA /* Release */ = {
			isa = XCBuildConfiguration;
			buildSettings = {
				ALWAYS_SEARCH_USER_PATHS = NO;
				CLANG_CXX_LANGUAGE_STANDARD = "gnu++0x";
				CLANG_CXX_LIBRARY = "libc++";
				CLANG_ENABLE_MODULES = YES;
				CLANG_ENABLE_OBJC_ARC = YES;
				CLANG_WARN_BOOL_CONVERSION = YES;
				CLANG_WARN_CONSTANT_CONVERSION = YES;
				CLANG_WARN_DIRECT_OBJC_ISA_USAGE = YES_ERROR;
				CLANG_WARN_EMPTY_BODY = YES;
				CLANG_WARN_ENUM_CONVERSION = YES;
				CLANG_WARN_INT_CONVERSION = YES;
				CLANG_WARN_OBJC_ROOT_CLASS = YES_ERROR;
				CLANG_WARN_UNREACHABLE_CODE = YES;
				CLANG_WARN__DUPLICATE_METHOD_MATCH = YES;
				"CODE_SIGN_IDENTITY[sdk=iphoneos*]" = "iPhone Developer";
				COPY_PHASE_STRIP = YES;
				ENABLE_NS_ASSERTIONS = NO;
				ENABLE_STRICT_OBJC_MSGSEND = YES;
				GCC_C_LANGUAGE_STANDARD = gnu99;
				GCC_WARN_64_TO_32_BIT_CONVERSION = YES;
				GCC_WARN_ABOUT_RETURN_TYPE = YES_ERROR;
				GCC_WARN_UNDECLARED_SELECTOR = YES;
				GCC_WARN_UNINITIALIZED_AUTOS = YES_AGGRESSIVE;
				GCC_WARN_UNUSED_FUNCTION = YES;
				GCC_WARN_UNUSED_VARIABLE = YES;
				IPHONEOS_DEPLOYMENT_TARGET = 8.1;
				MTL_ENABLE_DEBUG_INFO = NO;
				SDKROOT = iphoneos;
				VALIDATE_PRODUCT = YES;
			};
			name = Release;
		};
		AE580FB61A8B8B24002152EA /* Debug */ = {
			isa = XCBuildConfiguration;
			baseConfigurationReference = F12887C7A2063144E37BBB84 /* Pods.debug.xcconfig */;
			buildSettings = {
				ASSETCATALOG_COMPILER_APPICON_NAME = AppIcon;
				ASSETCATALOG_COMPILER_LAUNCHIMAGE_NAME = LaunchImage;
				CLANG_ENABLE_MODULES = YES;
				CODE_SIGN_IDENTITY = "iPhone Developer";
				INFOPLIST_FILE = LittleBigHouse/Info.plist;
				IPHONEOS_DEPLOYMENT_TARGET = 7.1;
				LD_RUNPATH_SEARCH_PATHS = "$(inherited) @executable_path/Frameworks";
				PRODUCT_NAME = "$(TARGET_NAME)";
				SWIFT_OBJC_BRIDGING_HEADER = "LittleBigHouse/LittleBigHouse-Bridging-Header.h";
				SWIFT_OPTIMIZATION_LEVEL = "-Onone";
				TARGETED_DEVICE_FAMILY = 1;
			};
			name = Debug;
		};
		AE580FB71A8B8B24002152EA /* Release */ = {
			isa = XCBuildConfiguration;
			baseConfigurationReference = 63C33F6DBF478154D2E180F1 /* Pods.release.xcconfig */;
			buildSettings = {
				ASSETCATALOG_COMPILER_APPICON_NAME = AppIcon;
				ASSETCATALOG_COMPILER_LAUNCHIMAGE_NAME = LaunchImage;
				CLANG_ENABLE_MODULES = YES;
				CODE_SIGN_IDENTITY = "iPhone Developer";
				INFOPLIST_FILE = LittleBigHouse/Info.plist;
				IPHONEOS_DEPLOYMENT_TARGET = 7.1;
				LD_RUNPATH_SEARCH_PATHS = "$(inherited) @executable_path/Frameworks";
				PRODUCT_NAME = "$(TARGET_NAME)";
				SWIFT_OBJC_BRIDGING_HEADER = "LittleBigHouse/LittleBigHouse-Bridging-Header.h";
				TARGETED_DEVICE_FAMILY = 1;
			};
			name = Release;
		};
		AE580FB91A8B8B24002152EA /* Debug */ = {
			isa = XCBuildConfiguration;
			buildSettings = {
				BUNDLE_LOADER = "$(TEST_HOST)";
				FRAMEWORK_SEARCH_PATHS = (
					"$(SDKROOT)/Developer/Library/Frameworks",
					"$(inherited)",
				);
				GCC_PREPROCESSOR_DEFINITIONS = (
					"DEBUG=1",
					"$(inherited)",
				);
				INFOPLIST_FILE = LittleBigHouseTests/Info.plist;
				LD_RUNPATH_SEARCH_PATHS = "$(inherited) @executable_path/Frameworks @loader_path/Frameworks";
				PRODUCT_NAME = "$(TARGET_NAME)";
				TEST_HOST = "$(BUILT_PRODUCTS_DIR)/LittleBigHouse.app/LittleBigHouse";
			};
			name = Debug;
		};
		AE580FBA1A8B8B24002152EA /* Release */ = {
			isa = XCBuildConfiguration;
			buildSettings = {
				BUNDLE_LOADER = "$(TEST_HOST)";
				FRAMEWORK_SEARCH_PATHS = (
					"$(SDKROOT)/Developer/Library/Frameworks",
					"$(inherited)",
				);
				INFOPLIST_FILE = LittleBigHouseTests/Info.plist;
				LD_RUNPATH_SEARCH_PATHS = "$(inherited) @executable_path/Frameworks @loader_path/Frameworks";
				PRODUCT_NAME = "$(TARGET_NAME)";
				TEST_HOST = "$(BUILT_PRODUCTS_DIR)/LittleBigHouse.app/LittleBigHouse";
			};
			name = Release;
		};
/* End XCBuildConfiguration section */

/* Begin XCConfigurationList section */
		AE580F8D1A8B8B24002152EA /* Build configuration list for PBXProject "LittleBigHouse" */ = {
			isa = XCConfigurationList;
			buildConfigurations = (
				AE580FB31A8B8B24002152EA /* Debug */,
				AE580FB41A8B8B24002152EA /* Release */,
			);
			defaultConfigurationIsVisible = 0;
			defaultConfigurationName = Release;
		};
		AE580FB51A8B8B24002152EA /* Build configuration list for PBXNativeTarget "LittleBigHouse" */ = {
			isa = XCConfigurationList;
			buildConfigurations = (
				AE580FB61A8B8B24002152EA /* Debug */,
				AE580FB71A8B8B24002152EA /* Release */,
			);
			defaultConfigurationIsVisible = 0;
			defaultConfigurationName = Release;
		};
		AE580FB81A8B8B24002152EA /* Build configuration list for PBXNativeTarget "LittleBigHouseTests" */ = {
			isa = XCConfigurationList;
			buildConfigurations = (
				AE580FB91A8B8B24002152EA /* Debug */,
				AE580FBA1A8B8B24002152EA /* Release */,
			);
			defaultConfigurationIsVisible = 0;
			defaultConfigurationName = Release;
		};
/* End XCConfigurationList section */
	};
	rootObject = AE580F8A1A8B8B24002152EA /* Project object */;
}
